<?xml version="1.0" encoding="utf-8"?>
<Project ToolsVersion="4.0" xmlns="http://schemas.microsoft.com/developer/msbuild/2003">
  <ItemGroup>
    <Filter Include="Main">
      <UniqueIdentifier>{e3c453a9-f9fa-4225-9fa7-57738d38c593}</UniqueIdentifier>
    </Filter>
    <Filter Include="Utils">
      <UniqueIdentifier>{c1c22222-3b3b-4d4b-99d2-75df76a841b9}</UniqueIdentifier>
    </Filter>
    <Filter Include="Network">
      <UniqueIdentifier>{536bf092-dedf-4fa2-a7c1-80ad4e44304c}</UniqueIdentifier>
    </Filter>
    <Filter Include="Packets">
      <UniqueIdentifier>{a6096583-81de-4759-b9ad-35b41b53ca64}</UniqueIdentifier>
    </Filter>
    <Filter Include="Proto">
      <UniqueIdentifier>{3448ba3a-2b64-4fd9-a8af-0dd045f1f957}</UniqueIdentifier>
    </Filter>
    <Filter Include="Game">
      <UniqueIdentifier>{f74e5c85-d79c-49a5-b1bb-e3865389b27b}</UniqueIdentifier>
    </Filter>
  </ItemGroup>
  <ItemGroup>
    <ClCompile Include="GameServer.cpp">
      <Filter>Main</Filter>
    </ClCompile>
    <ClCompile Include="pch.cpp">
      <Filter>Utils</Filter>
    </ClCompile>
    <ClCompile Include="GameSession.cpp">
      <Filter>Network</Filter>
    </ClCompile>
    <ClCompile Include="GameSessionManager.cpp">
      <Filter>Network</Filter>
    </ClCompile>
    <ClCompile Include="Enum.pb.cc">
      <Filter>Packets</Filter>
    </ClCompile>
    <ClCompile Include="Protocol.pb.cc">
      <Filter>Packets</Filter>
    </ClCompile>
    <ClCompile Include="Struct.pb.cc">
      <Filter>Packets</Filter>
    </ClCompile>
    <ClCompile Include="ClientPacketHandler.cpp">
      <Filter>Packets</Filter>
    </ClCompile>
    <ClCompile Include="CharacterInfo.cpp">
      <Filter>Game</Filter>
    </ClCompile>
    <ClCompile Include="GameMap.cpp">
      <Filter>Game</Filter>
    </ClCompile>
    <ClCompile Include="Player.cpp">
      <Filter>Game</Filter>
    </ClCompile>
  </ItemGroup>
  <ItemGroup>
    <ClInclude Include="pch.h">
      <Filter>Utils</Filter>
    </ClInclude>
    <ClInclude Include="GameSession.h">
      <Filter>Network</Filter>
    </ClInclude>
    <ClInclude Include="GameSessionManager.h">
      <Filter>Network</Filter>
    </ClInclude>
    <ClInclude Include="ClientPacketHandler.h">
      <Filter>Packets</Filter>
    </ClInclude>
    <ClInclude Include="Enum.pb.h">
      <Filter>Packets</Filter>
    </ClInclude>
    <ClInclude Include="Protocol.pb.h">
      <Filter>Packets</Filter>
    </ClInclude>
    <ClInclude Include="Struct.pb.h">
      <Filter>Packets</Filter>
    </ClInclude>
    <ClInclude Include="CharacterInfo.h">
      <Filter>Game</Filter>
    </ClInclude>
    <ClInclude Include="GameMap.h">
      <Filter>Game</Filter>
    </ClInclude>
    <ClInclude Include="Player.h">
      <Filter>Game</Filter>
    </ClInclude>
  </ItemGroup>
  <ItemGroup>
    <None Include="..\..\Common\Struct.proto">
      <Filter>Proto</Filter>
    </None>
    <None Include="..\..\Common\Enum.proto">
      <Filter>Proto</Filter>
    </None>
    <None Include="..\..\Common\Protocol.proto">
      <Filter>Proto</Filter>
    </None>
  </ItemGroup>
</Project>